PODS:
  - AppStorage (1.0.3)
  - Carte (2.2.1)
  - Firebase/CoreOnly (7.7.0):
    - FirebaseCore (= 7.7.0)
  - Firebase/Messaging (7.7.0):
    - Firebase/CoreOnly
    - FirebaseMessaging (~> 7.7.0)
  - FirebaseCore (7.7.0):
    - FirebaseCoreDiagnostics (~> 7.4)
    - GoogleUtilities/Environment (~> 7.0)
    - GoogleUtilities/Logger (~> 7.0)
  - FirebaseCoreDiagnostics (7.7.0):
    - GoogleDataTransport (~> 8.0)
    - GoogleUtilities/Environment (~> 7.0)
    - GoogleUtilities/Logger (~> 7.0)
    - nanopb (~> 2.30907.0)
  - FirebaseInstallations (7.7.0):
    - FirebaseCore (~> 7.0)
    - GoogleUtilities/Environment (~> 7.0)
    - GoogleUtilities/UserDefaults (~> 7.0)
    - PromisesObjC (~> 1.2)
  - FirebaseInstanceID (7.7.0):
    - FirebaseCore (~> 7.0)
    - FirebaseInstallations (~> 7.0)
    - GoogleUtilities/Environment (~> 7.0)
    - GoogleUtilities/UserDefaults (~> 7.0)
  - FirebaseMessaging (7.7.0):
    - FirebaseCore (~> 7.0)
    - FirebaseInstanceID (~> 7.0)
    - GoogleUtilities/AppDelegateSwizzler (~> 7.0)
    - GoogleUtilities/Environment (~> 7.0)
    - GoogleUtilities/Reachability (~> 7.0)
    - GoogleUtilities/UserDefaults (~> 7.0)
  - GoogleDataTransport (8.2.0):
    - nanopb (~> 2.30907.0)
  - GoogleUtilities/AppDelegateSwizzler (7.2.2):
    - GoogleUtilities/Environment
    - GoogleUtilities/Logger
    - GoogleUtilities/Network
  - GoogleUtilities/Environment (7.2.2):
    - PromisesObjC (~> 1.2)
  - GoogleUtilities/Logger (7.2.2):
    - GoogleUtilities/Environment
  - GoogleUtilities/Network (7.2.2):
    - GoogleUtilities/Logger
    - "GoogleUtilities/NSData+zlib"
    - GoogleUtilities/Reachability
  - "GoogleUtilities/NSData+zlib (7.2.2)"
  - GoogleUtilities/Reachability (7.2.2):
    - GoogleUtilities/Logger
  - GoogleUtilities/UserDefaults (7.2.2):
    - GoogleUtilities/Logger
  - HTMLKit (3.1.0)
  - Introspect (0.1.2)
  - nanopb (2.30907.0):
    - nanopb/decode (= 2.30907.0)
    - nanopb/encode (= 2.30907.0)
  - nanopb/decode (2.30907.0)
  - nanopb/encode (2.30907.0)
  - PromisesObjC (1.2.12)
  - shared (1.0):
    - HTMLKit (~> 3.1.0)
  - SwiftUIRefresh (0.0.3):
    - Introspect (~> 0.1.0)

DEPENDENCIES:
  - AppStorage (~> 1.0.3)
  - Carte
  - Firebase/Messaging
  - shared (from `../../shared`)
  - SwiftUIRefresh

SPEC REPOS:
  trunk:
    - AppStorage
    - Carte
    - Firebase
    - FirebaseCore
    - FirebaseCoreDiagnostics
    - FirebaseInstallations
    - FirebaseInstanceID
    - FirebaseMessaging
    - GoogleDataTransport
    - GoogleUtilities
    - HTMLKit
    - Introspect
    - nanopb
    - PromisesObjC
    - SwiftUIRefresh

EXTERNAL SOURCES:
  shared:
    :path: "../../shared"

SPEC CHECKSUMS:
  AppStorage: dc9e2c18b5ebb7fed666af00c103b1c1432d459b
  Carte: 6bcff4eaa894ff5b979d646de833fec96e04a38c
  Firebase: cd2ab85eec8170dc260186159f21072ecb679ad5
  FirebaseCore: ac35d680a0bf32319a59966a1478e0741536b97b
  FirebaseCoreDiagnostics: 179bf3831213451c8addd036aca7fcf5492ec154
  FirebaseInstallations: 42c86e7b02ff75b7f27f85833bf5dcb5f38a9774
  FirebaseInstanceID: cf940324a20ac14a27ad1e931d15ac9d335526db
  FirebaseMessaging: ce33c2537fdda1d1a4bc82b2245e3c3bf9107684
  GoogleDataTransport: 1024b1a4dfbd7a0e92cb20d7e0a6f1fb66b449a4
  GoogleUtilities: 31c5b01f978a70c6cff2afc6272b3f1921614b43
  HTMLKit: 4ed10a911462cbf972329ec6aaaa827208dfd70c
  Introspect: 85a29d2c5ee4d3d15469ad0b75fd8839f3e72674
  nanopb: 59221d7f958fb711001e6a449489542d92ae113e
  PromisesObjC: 3113f7f76903778cf4a0586bd1ab89329a0b7b97
  shared: 9209fbc2ccc5adc7e2a810bb3f51e25f28e9cc58
  SwiftUIRefresh: ca6ae2718d25aad5dd68bbf5d2ae36ef6ade98bf

PODFILE CHECKSUM: faad88d7c92ca3deaa3ebc5d53f6ff86592a6113

COCOAPODS: 1.10.1
